
Microsoft Visual Studio Solution File, Format Version 12.00
# Visual Studio Version 16
VisualStudioVersion = 16.0.29215.179
MinimumVisualStudioVersion = 10.0.40219.1
Project("{9A19103F-16F7-4668-BE54-9A1E7A4F7556}") = "UnitTestProject", "UnitTestProject\UnitTestProject.csproj", "{F67C6AC9-0463-47FC-BBF3-EB3F66B1726E}"
EndProject
Project("{2150E333-8FDC-42A3-9474-1A3956D46DE8}") = "Solution Items", "Solution Items", "{D0900020-E4BC-4FC7-A8AA-234A32888F23}"
	ProjectSection(SolutionItems) = preProject
		gobal.json = gobal.json
	EndProjectSection
	ProjectSection(FolderGlobals) = preProject
		C_5_4Users_4Microestc_4Source_4Repos_4microestc_4MagickConverter_4gobal_1json__JsonSchema = http://json.schemastore.org/global
	EndProjectSection
EndProject
Project("{9A19103F-16F7-4668-BE54-9A1E7A4F7556}") = "OfficeConverter", "OfficeConverter\OfficeConverter.csproj", "{F7D6224C-472C-43D2-B19F-07EF96DF7B21}"
EndProject
Project("{FAE04EC0-301F-11D3-BF4B-00C04F79EFBC}") = "DockerTest", "DockerTest\DockerTest.csproj", "{89F25962-D801-40D4-8231-E531F326E3BD}"
EndProject
Project("{E53339B2-1760-4266-BCC7-CA923CBCF16C}") = "docker-compose", "docker-compose.dcproj", "{D0B3DA90-EB2A-47D7-83C6-B739BD40A4A9}"
EndProject
Global
	GlobalSection(SolutionConfigurationPlatforms) = preSolution
		Debug|Any CPU = Debug|Any CPU
		Release|Any CPU = Release|Any CPU
	EndGlobalSection
	GlobalSection(ProjectConfigurationPlatforms) = postSolution
		{F67C6AC9-0463-47FC-BBF3-EB3F66B1726E}.Debug|Any CPU.ActiveCfg = Debug|Any CPU
		{F67C6AC9-0463-47FC-BBF3-EB3F66B1726E}.Debug|Any CPU.Build.0 = Debug|Any CPU
		{F67C6AC9-0463-47FC-BBF3-EB3F66B1726E}.Release|Any CPU.ActiveCfg = Release|Any CPU
		{F67C6AC9-0463-47FC-BBF3-EB3F66B1726E}.Release|Any CPU.Build.0 = Release|Any CPU
		{F7D6224C-472C-43D2-B19F-07EF96DF7B21}.Debug|Any CPU.ActiveCfg = Debug|Any CPU
		{F7D6224C-472C-43D2-B19F-07EF96DF7B21}.Debug|Any CPU.Build.0 = Debug|Any CPU
		{F7D6224C-472C-43D2-B19F-07EF96DF7B21}.Release|Any CPU.ActiveCfg = Release|Any CPU
		{F7D6224C-472C-43D2-B19F-07EF96DF7B21}.Release|Any CPU.Build.0 = Release|Any CPU
		{89F25962-D801-40D4-8231-E531F326E3BD}.Debug|Any CPU.ActiveCfg = Debug|Any CPU
		{89F25962-D801-40D4-8231-E531F326E3BD}.Debug|Any CPU.Build.0 = Debug|Any CPU
		{89F25962-D801-40D4-8231-E531F326E3BD}.Release|Any CPU.ActiveCfg = Release|Any CPU
		{89F25962-D801-40D4-8231-E531F326E3BD}.Release|Any CPU.Build.0 = Release|Any CPU
		{D0B3DA90-EB2A-47D7-83C6-B739BD40A4A9}.Debug|Any CPU.ActiveCfg = Debug|Any CPU
		{D0B3DA90-EB2A-47D7-83C6-B739BD40A4A9}.Debug|Any CPU.Build.0 = Debug|Any CPU
		{D0B3DA90-EB2A-47D7-83C6-B739BD40A4A9}.Release|Any CPU.ActiveCfg = Release|Any CPU
		{D0B3DA90-EB2A-47D7-83C6-B739BD40A4A9}.Release|Any CPU.Build.0 = Release|Any CPU
	EndGlobalSection
	GlobalSection(SolutionProperties) = preSolution
		HideSolutionNode = FALSE
	EndGlobalSection
	GlobalSection(ExtensibilityGlobals) = postSolution
		SolutionGuid = {ACC57F69-9E6C-4227-8D36-83E62F71F4EF}
	EndGlobalSection
EndGlobal
